<?xml version="1.0" encoding="utf-8"?>
<Project ToolsVersion="4.0" xmlns="http://schemas.microsoft.com/developer/msbuild/2003">
  <ItemGroup>
    <Filter Include="Source Files">
      <UniqueIdentifier>{4FC737F1-C7A5-4376-A066-2A32D752A2FF}</UniqueIdentifier>
      <Extensions>cpp;c;cc;cxx;def;odl;idl;hpj;bat;asm;asmx</Extensions>
    </Filter>
    <Filter Include="Header Files">
      <UniqueIdentifier>{93995380-89BD-4b04-88EB-625FBE52EBFB}</UniqueIdentifier>
      <Extensions>h;hh;hpp;hxx;hm;inl;inc;ipp;xsd</Extensions>
    </Filter>
    <Filter Include="Resource Files">
      <UniqueIdentifier>{67DA6AB6-F800-4c08-8B7A-83BB121AAD01}</UniqueIdentifier>
      <Extensions>rc;ico;cur;bmp;dlg;rc2;rct;bin;rgs;gif;jpg;jpeg;jpe;resx;tiff;tif;png;wav;mfcribbon-ms</Extensions>
    </Filter>
    <Filter Include="Header Files\graphics">
      <UniqueIdentifier>{9475dae1-a8b3-4c8b-8596-f91afacd0d12}</UniqueIdentifier>
    </Filter>
    <Filter Include="Header Files\graphics\imgui">
      <UniqueIdentifier>{385ad474-a7c0-4cbc-b1a7-92da43ab1d42}</UniqueIdentifier>
    </Filter>
    <Filter Include="Source Files\graphics">
      <UniqueIdentifier>{dfc5e57b-a236-411e-b562-ebaf7d5e729b}</UniqueIdentifier>
    </Filter>
    <Filter Include="Source Files\graphics\imgui">
      <UniqueIdentifier>{da27edb1-b1ff-4f8e-8d83-ee989c10ca78}</UniqueIdentifier>
    </Filter>
    <Filter Include="Header Files\input">
      <UniqueIdentifier>{2beadbe3-9a09-434e-af15-53de967d3388}</UniqueIdentifier>
    </Filter>
  </ItemGroup>
  <ItemGroup>
    <ClInclude Include="..\..\Code\Client\local_player.hpp">
      <Filter>Header Files</Filter>
    </ClInclude>
    <ClInclude Include="..\..\Code\Client\config.hpp">
      <Filter>Header Files</Filter>
    </ClInclude>
    <ClInclude Include="..\..\Code\Client\interpolation.h">
      <Filter>Header Files</Filter>
    </ClInclude>
    <ClInclude Include="..\..\Code\Client\weapon_drop.hpp">
      <Filter>Header Files</Filter>
    </ClInclude>
    <ClInclude Include="..\..\Code\Client\mp.hpp">
      <Filter>Header Files</Filter>
    </ClInclude>
    <ClInclude Include="..\..\Code\Client\player.hpp">
      <Filter>Header Files</Filter>
    </ClInclude>
    <ClInclude Include="..\..\Code\Client\graphics\graphics.hpp">
      <Filter>Header Files\graphics</Filter>
    </ClInclude>
    <ClInclude Include="..\..\Code\Client\menu.hpp">
      <Filter>Header Files</Filter>
    </ClInclude>
    <ClInclude Include="..\..\Code\Client\graphics\imgui\imconfig.h">
      <Filter>Header Files\graphics\imgui</Filter>
    </ClInclude>
    <ClInclude Include="..\..\Code\Client\graphics\imgui\imgui.h">
      <Filter>Header Files\graphics\imgui</Filter>
    </ClInclude>
    <ClInclude Include="..\..\Code\Client\graphics\imgui\imgui_internal.h">
      <Filter>Header Files\graphics\imgui</Filter>
    </ClInclude>
    <ClInclude Include="..\..\Code\Client\graphics\imgui\imstb_rectpack.h">
      <Filter>Header Files\graphics\imgui</Filter>
    </ClInclude>
    <ClInclude Include="..\..\Code\Client\graphics\imgui\imstb_textedit.h">
      <Filter>Header Files\graphics\imgui</Filter>
    </ClInclude>
    <ClInclude Include="..\..\Code\Client\graphics\imgui\imstb_truetype.h">
      <Filter>Header Files\graphics\imgui</Filter>
    </ClInclude>
    <ClInclude Include="..\..\Code\Client\graphics\imgui\imgui_impl_dx9.h">
      <Filter>Header Files\graphics\imgui</Filter>
    </ClInclude>
    <ClInclude Include="..\..\Code\Client\graphics\imgui\imgui_impl_win32.h">
      <Filter>Header Files\graphics\imgui</Filter>
    </ClInclude>
    <ClInclude Include="..\..\Code\Client\input\CDirectInput8Proxy.h">
      <Filter>Header Files\input</Filter>
    </ClInclude>
    <ClInclude Include="..\..\Code\Client\input\CDirectInputDevice8Proxy.h">
      <Filter>Header Files\input</Filter>
    </ClInclude>
    <ClInclude Include="..\..\Code\Client\input\input.hpp">
      <Filter>Header Files\input</Filter>
    </ClInclude>
  </ItemGroup>
  <ItemGroup>
    <ClCompile Include="..\..\Code\Client\main.cpp">
      <Filter>Source Files</Filter>
    </ClCompile>
    <ClCompile Include="..\..\Code\Client\graphics\imgui\imgui.cpp">
      <Filter>Source Files\graphics\imgui</Filter>
    </ClCompile>
    <ClCompile Include="..\..\Code\Client\graphics\imgui\imgui_draw.cpp">
      <Filter>Source Files\graphics\imgui</Filter>
    </ClCompile>
    <ClCompile Include="..\..\Code\Client\graphics\imgui\imgui_widgets.cpp">
      <Filter>Source Files\graphics\imgui</Filter>
    </ClCompile>
    <ClCompile Include="..\..\Code\Client\graphics\imgui\imgui_impl_dx9.cpp">
      <Filter>Source Files\graphics\imgui</Filter>
    </ClCompile>
    <ClCompile Include="..\..\Code\Client\graphics\imgui\imgui_impl_win32.cpp">
      <Filter>Source Files\graphics\imgui</Filter>
    </ClCompile>
  </ItemGroup>
</Project>