{
  "name": "freeride",
  "version": "1.0.0",
  "lockfileVersion": 1,
  "requires": true,
  "dependencies": {
    "bindings": {
      "version": "1.2.1",
      "resolved": "https://registry.npmjs.org/bindings/-/bindings-1.2.1.tgz",
      "integrity": "sha1-FK1hE4EtLTfXLme0ystLtyZQXxE="
    },
    "long": {
      "version": "4.0.0",
      "resolved": "https://registry.npmjs.org/long/-/long-4.0.0.tgz",
      "integrity": "sha512-XsP+KhQif4bjX1kbuSiySJFNAehNxgLb6hPRGJ9QsUr8ajHkuXGdrHmFUTUUXhDwVX2R5bY4JNZEwbUiMhV+MA=="
    },
    "msgpack-typed-numbers": {
      "version": "0.0.1",
      "resolved": "https://registry.npmjs.org/msgpack-typed-numbers/-/msgpack-typed-numbers-0.0.1.tgz",
      "integrity": "sha512-HWZetYhEl0DWzcny41rLAOm0yV+U5MR5b7+dz+2Yt1sq/uD0f09JJfz+HG96mGFAfzDbv3OeVZWI0diNpDD0YQ==",
      "requires": {
        "long": "^4.0.0"
      }
    },
    "nan": {
      "version": "2.14.0",
      "resolved": "https://registry.npmjs.org/nan/-/nan-2.14.0.tgz",
      "integrity": "sha512-INOFj37C7k3AfaNTtX8RhsTw7qRy7eLET14cROi9+5HAVbbHuIWUHEauBv5qT4Av2tWasiTY1Jw6puUNqRJXQg=="
    },
    "nanomsg": {
      "version": "4.1.0",
      "resolved": "https://registry.npmjs.org/nanomsg/-/nanomsg-4.1.0.tgz",
      "integrity": "sha512-R4bsxZAPnH4fbEj9pzCFnc6ySfLupy61yBCAJqh6FGK9BMR8D+5oc0Ceq/KjsKtoT1DwjfSchnDoChHX40WJSQ==",
      "requires": {
        "bindings": "1.2.1",
        "nan": "2.14.0"
      }
    },
    "oakwood": {
      "version": "1.0.2",
      "resolved": "https://registry.npmjs.org/oakwood/-/oakwood-1.0.2.tgz",
      "integrity": "sha512-0KpjJra9+6eS5cgDkAEFTck9xxyFjrmzQBydsBz70A1lkrn3T8hY2RXqD4xKbiFCzwDxH1CA2YyGOoFRAWcJ9g==",
      "requires": {
        "msgpack-typed-numbers": "0.0.1",
        "nanomsg": "^4.1.0"
      }
    }
  }
}
