{
  "name": "freeride",
  "version": "1.0.0",
  "lockfileVersion": 1,
  "requires": true,
  "dependencies": {
    "bindings": {
      "version": "1.2.1",
      "resolved": "https://registry.npmjs.org/bindings/-/bindings-1.2.1.tgz",
      "integrity": "sha1-FK1hE4EtLTfXLme0ystLtyZQXxE="
    },
    "camel-case": {
      "version": "3.0.0",
      "resolved": "https://registry.npmjs.org/camel-case/-/camel-case-3.0.0.tgz",
      "integrity": "sha1-yjw2iKTpzzpM2nd9xNy8cTJJz3M=",
      "requires": {
        "no-case": "^2.2.0",
        "upper-case": "^1.1.1"
      }
    },
    "long": {
      "version": "4.0.0",
      "resolved": "https://registry.npmjs.org/long/-/long-4.0.0.tgz",
      "integrity": "sha512-XsP+KhQif4bjX1kbuSiySJFNAehNxgLb6hPRGJ9QsUr8ajHkuXGdrHmFUTUUXhDwVX2R5bY4JNZEwbUiMhV+MA=="
    },
    "lower-case": {
      "version": "1.1.4",
      "resolved": "https://registry.npmjs.org/lower-case/-/lower-case-1.1.4.tgz",
      "integrity": "sha1-miyr0bno4K6ZOkv31YdcOcQujqw="
    },
    "msgpack-typed-numbers": {
      "version": "0.0.1",
      "resolved": "https://registry.npmjs.org/msgpack-typed-numbers/-/msgpack-typed-numbers-0.0.1.tgz",
      "integrity": "sha512-HWZetYhEl0DWzcny41rLAOm0yV+U5MR5b7+dz+2Yt1sq/uD0f09JJfz+HG96mGFAfzDbv3OeVZWI0diNpDD0YQ==",
      "requires": {
        "long": "^4.0.0"
      }
    },
    "nan": {
      "version": "2.14.0",
      "resolved": "https://registry.npmjs.org/nan/-/nan-2.14.0.tgz",
      "integrity": "sha512-INOFj37C7k3AfaNTtX8RhsTw7qRy7eLET14cROi9+5HAVbbHuIWUHEauBv5qT4Av2tWasiTY1Jw6puUNqRJXQg=="
    },
    "nanomsg": {
      "version": "4.1.0",
      "resolved": "https://registry.npmjs.org/nanomsg/-/nanomsg-4.1.0.tgz",
      "integrity": "sha512-R4bsxZAPnH4fbEj9pzCFnc6ySfLupy61yBCAJqh6FGK9BMR8D+5oc0Ceq/KjsKtoT1DwjfSchnDoChHX40WJSQ==",
      "requires": {
        "bindings": "1.2.1",
        "nan": "2.14.0"
      }
    },
    "no-case": {
      "version": "2.3.2",
      "resolved": "https://registry.npmjs.org/no-case/-/no-case-2.3.2.tgz",
      "integrity": "sha512-rmTZ9kz+f3rCvK2TD1Ue/oZlns7OGoIWP4fc3llxxRXlOkHKoWPPWJOfFYpITabSow43QJbRIoHQXtt10VldyQ==",
      "requires": {
        "lower-case": "^1.1.1"
      }
    },
    "oakwood": {
      "version": "2.1.1",
      "resolved": "https://registry.npmjs.org/oakwood/-/oakwood-2.1.1.tgz",
      "integrity": "sha512-McbhG6T1oknwXOHstBY/HfLhjD4FevJIK26WTr3ohdwEDNT8XZBEQds1BLPKQhWd0jBQrQhcdAxX3PDI6O+3jg==",
      "requires": {
        "camel-case": "^3.0.0",
        "msgpack-typed-numbers": "0.0.1",
        "nanomsg": "^4.1.0",
        "p-timeout": "^3.1.0"
      }
    },
    "p-finally": {
      "version": "1.0.0",
      "resolved": "https://registry.npmjs.org/p-finally/-/p-finally-1.0.0.tgz",
      "integrity": "sha1-P7z7FbiZpEEjs0ttzBi3JDNqLK4="
    },
    "p-timeout": {
      "version": "3.1.0",
      "resolved": "https://registry.npmjs.org/p-timeout/-/p-timeout-3.1.0.tgz",
      "integrity": "sha512-C27DYI+tCroT8J8cTEyySGydl2B7FlxrGNF5/wmMbl1V+jeehUCzEE/BVgzRebdm2K3ZitKOKx8YbdFumDyYmw==",
      "requires": {
        "p-finally": "^1.0.0"
      }
    },
    "upper-case": {
      "version": "1.1.3",
      "resolved": "https://registry.npmjs.org/upper-case/-/upper-case-1.1.3.tgz",
      "integrity": "sha1-9rRQHC7EzdJrp4vnIilh3ndiFZg="
    }
  }
}
